
Microsoft Visual Studio Solution File, Format Version 12.00
# Visual Studio 14
VisualStudioVersion = 14.0.25420.1
MinimumVisualStudioVersion = 10.0.40219.1
Project("{FAE04EC0-301F-11D3-BF4B-00C04F79EFBC}") = "DevGenius", "DevGenius\DevGenius.csproj", "{D8AB60A1-6F2C-4C07-B3D7-2D60E0DB7E50}"
EndProject
Project("{FAE04EC0-301F-11D3-BF4B-00C04F79EFBC}") = "DevGenius.Tests", "DevGenius.Tests\DevGenius.Tests.csproj", "{713DBEEE-1AB1-498C-A059-6D987D4F3EE1}"
EndProject
Global
	GlobalSection(SolutionConfigurationPlatforms) = preSolution
		Debug|Any CPU = Debug|Any CPU
		Release|Any CPU = Release|Any CPU
	EndGlobalSection
	GlobalSection(ProjectConfigurationPlatforms) = postSolution
		{D8AB60A1-6F2C-4C07-B3D7-2D60E0DB7E50}.Debug|Any CPU.ActiveCfg = Debug|Any CPU
		{D8AB60A1-6F2C-4C07-B3D7-2D60E0DB7E50}.Debug|Any CPU.Build.0 = Debug|Any CPU
		{D8AB60A1-6F2C-4C07-B3D7-2D60E0DB7E50}.Release|Any CPU.ActiveCfg = Release|Any CPU
		{D8AB60A1-6F2C-4C07-B3D7-2D60E0DB7E50}.Release|Any CPU.Build.0 = Release|Any CPU
		{713DBEEE-1AB1-498C-A059-6D987D4F3EE1}.Debug|Any CPU.ActiveCfg = Debug|Any CPU
		{713DBEEE-1AB1-498C-A059-6D987D4F3EE1}.Debug|Any CPU.Build.0 = Debug|Any CPU
		{713DBEEE-1AB1-498C-A059-6D987D4F3EE1}.Release|Any CPU.ActiveCfg = Release|Any CPU
		{713DBEEE-1AB1-498C-A059-6D987D4F3EE1}.Release|Any CPU.Build.0 = Release|Any CPU
	EndGlobalSection
	GlobalSection(SolutionProperties) = preSolution
		HideSolutionNode = FALSE
	EndGlobalSection
EndGlobal
